
Microsoft Visual Studio Solution File, Format Version 12.00
# Visual Studio Version 17
VisualStudioVersion = 17.4.33103.184
MinimumVisualStudioVersion = 10.0.40219.1
Project("{9A19103F-16F7-4668-BE54-9A1E7A4F7556}") = "DO108-dotnet-sample", "DO108-dotnet-sample\DO108-dotnet-sample.csproj", "{81E43AF8-7981-4D51-81DB-7A6C16689249}"
EndProject
Project("{2150E333-8FDC-42A3-9474-1A3956D46DE8}") = ".s2i", ".s2i", "{4C1BCEF7-E98D-4A53-A61F-47267D7457C3}"
	ProjectSection(SolutionItems) = preProject
		environment = environment
	EndProjectSection
EndProject
Global
	GlobalSection(SolutionConfigurationPlatforms) = preSolution
		Debug|Any CPU = Debug|Any CPU
		Release|Any CPU = Release|Any CPU
	EndGlobalSection
	GlobalSection(ProjectConfigurationPlatforms) = postSolution
		{81E43AF8-7981-4D51-81DB-7A6C16689249}.Debug|Any CPU.ActiveCfg = Debug|Any CPU
		{81E43AF8-7981-4D51-81DB-7A6C16689249}.Debug|Any CPU.Build.0 = Debug|Any CPU
		{81E43AF8-7981-4D51-81DB-7A6C16689249}.Release|Any CPU.ActiveCfg = Release|Any CPU
		{81E43AF8-7981-4D51-81DB-7A6C16689249}.Release|Any CPU.Build.0 = Release|Any CPU
	EndGlobalSection
	GlobalSection(SolutionProperties) = preSolution
		HideSolutionNode = FALSE
	EndGlobalSection
	GlobalSection(ExtensibilityGlobals) = postSolution
		SolutionGuid = {3341D9C2-A0F9-4E36-B493-356B14D914DC}
	EndGlobalSection
EndGlobal
